%{"certifi": {:hex, :certifi, "0.3.0"},
  "conform": {:hex, :conform, "0.10.5"},
  "cowboy": {:hex, :cowboy, "1.0.0"},
  "cowlib": {:hex, :cowlib, "1.0.1"},
  "exrm": {:hex, :exrm, "0.14.11"},
  "gproc": {:hex, :gproc, "0.3.1"},
  "hackney": {:hex, :hackney, "1.4.7"},
  "httpoison": {:hex, :httpoison, "0.8.0"},
  "idna": {:hex, :idna, "1.0.2"},
  "meck": {:hex, :meck, "0.8.2"},
  "mimerl": {:hex, :mimerl, "1.0.2"},
  "plug": {:hex, :plug, "0.10.0"},
  "ranch": {:hex, :ranch, "1.0.0"},
  "ssl_verify_hostname": {:hex, :ssl_verify_hostname, "1.0.5"}}
